{
  "name": "fixture-desktop",
  "version": "1.4.2",
  "lockfileVersion": 3,
  "requires": true,
  "packages": {
    "": {
      "name": "fixture-desktop",
      "version": "1.4.2",
      "license": "FSL-1.1-ALv2"
    },
    "node_modules/some-dep": {
      "version": "2.0.0",
      "license": "MIT"
    }
  }
}
